// !$*UTF8*$!
{
	archiveVersion = 1;
	classes = {
	};
	objectVersion = 46;
	objects = {

/* Begin PBXBuildFile section */
		0DC510071A38665B0083F4CB /* main.m in Sources */ = {isa = PBXBuildFile; fileRef = 0DC510061A38665B0083F4CB /* main.m */; };
		0DC5100A1A38665B0083F4CB /* AppDelegate.m in Sources */ = {isa = PBXBuildFile; fileRef = 0DC510091A38665B0083F4CB /* AppDelegate.m */; };
		0DC5100D1A38665B0083F4CB /* ViewController.m in Sources */ = {isa = PBXBuildFile; fileRef = 0DC5100C1A38665B0083F4CB /* ViewController.m */; };
		0DC510101A38665B0083F4CB /* Main.storyboard in Resources */ = {isa = PBXBuildFile; fileRef = 0DC5100E1A38665B0083F4CB /* Main.storyboard */; };
		0DC510121A38665B0083F4CB /* Images.xcassets in Resources */ = {isa = PBXBuildFile; fileRef = 0DC510111A38665B0083F4CB /* Images.xcassets */; };
		0DC510151A38665B0083F4CB /* LaunchScreen.xib in Resources */ = {isa = PBXBuildFile; fileRef = 0DC510131A38665B0083F4CB /* LaunchScreen.xib */; };
		0DC510211A38665B0083F4CB /* SearchbarSimpleTableTests.m in Sources */ = {isa = PBXBuildFile; fileRef = 0DC510201A38665B0083F4CB /* SearchbarSimpleTableTests.m */; };
		0DC5104B1A3866920083F4CB /* Algeria.png in Resources */ = {isa = PBXBuildFile; fileRef = 0DC5102B1A3866920083F4CB /* Algeria.png */; };
		0DC5104C1A3866920083F4CB /* Argentina.png in Resources */ = {isa = PBXBuildFile; fileRef = 0DC5102C1A3866920083F4CB /* Argentina.png */; };
		0DC5104D1A3866920083F4CB /* Australia.png in Resources */ = {isa = PBXBuildFile; fileRef = 0DC5102D1A3866920083F4CB /* Australia.png */; };
		0DC5104E1A3866920083F4CB /* Brazil.png in Resources */ = {isa = PBXBuildFile; fileRef = 0DC5102E1A3866920083F4CB /* Brazil.png */; };
		0DC5104F1A3866920083F4CB /* Cameroon.png in Resources */ = {isa = PBXBuildFile; fileRef = 0DC5102F1A3866920083F4CB /* Cameroon.png */; };
		0DC510501A3866920083F4CB /* Chile.png in Resources */ = {isa = PBXBuildFile; fileRef = 0DC510301A3866920083F4CB /* Chile.png */; };
		0DC510511A3866920083F4CB /* CoteDIvoire.png in Resources */ = {isa = PBXBuildFile; fileRef = 0DC510311A3866920083F4CB /* CoteDIvoire.png */; };
		0DC510521A3866920083F4CB /* Denmark.png in Resources */ = {isa = PBXBuildFile; fileRef = 0DC510321A3866920083F4CB /* Denmark.png */; };
		0DC510531A3866920083F4CB /* England.png in Resources */ = {isa = PBXBuildFile; fileRef = 0DC510331A3866920083F4CB /* England.png */; };
		0DC510541A3866920083F4CB /* France.png in Resources */ = {isa = PBXBuildFile; fileRef = 0DC510341A3866920083F4CB /* France.png */; };
		0DC510551A3866920083F4CB /* Germany.png in Resources */ = {isa = PBXBuildFile; fileRef = 0DC510351A3866920083F4CB /* Germany.png */; };
		0DC510561A3866920083F4CB /* Ghana.png in Resources */ = {isa = PBXBuildFile; fileRef = 0DC510361A3866920083F4CB /* Ghana.png */; };
		0DC510571A3866920083F4CB /* Greece.png in Resources */ = {isa = PBXBuildFile; fileRef = 0DC510371A3866920083F4CB /* Greece.png */; };
		0DC510581A3866920083F4CB /* Holland.png in Resources */ = {isa = PBXBuildFile; fileRef = 0DC510381A3866920083F4CB /* Holland.png */; };
		0DC510591A3866920083F4CB /* Honduras.png in Resources */ = {isa = PBXBuildFile; fileRef = 0DC510391A3866920083F4CB /* Honduras.png */; };
		0DC5105A1A3866920083F4CB /* Italy.png in Resources */ = {isa = PBXBuildFile; fileRef = 0DC5103A1A3866920083F4CB /* Italy.png */; };
		0DC5105B1A3866920083F4CB /* Japan.png in Resources */ = {isa = PBXBuildFile; fileRef = 0DC5103B1A3866920083F4CB /* Japan.png */; };
		0DC5105C1A3866920083F4CB /* Mexico.png in Resources */ = {isa = PBXBuildFile; fileRef = 0DC5103C1A3866920083F4CB /* Mexico.png */; };
		0DC5105D1A3866920083F4CB /* NewZealand.png in Resources */ = {isa = PBXBuildFile; fileRef = 0DC5103D1A3866920083F4CB /* NewZealand.png */; };
		0DC5105E1A3866920083F4CB /* Nigeria.png in Resources */ = {isa = PBXBuildFile; fileRef = 0DC5103E1A3866920083F4CB /* Nigeria.png */; };
		0DC5105F1A3866920083F4CB /* NorthKorea.png in Resources */ = {isa = PBXBuildFile; fileRef = 0DC5103F1A3866920083F4CB /* NorthKorea.png */; };
		0DC510601A3866920083F4CB /* Paraguay.png in Resources */ = {isa = PBXBuildFile; fileRef = 0DC510401A3866920083F4CB /* Paraguay.png */; };
		0DC510611A3866920083F4CB /* Portugal.png in Resources */ = {isa = PBXBuildFile; fileRef = 0DC510411A3866920083F4CB /* Portugal.png */; };
		0DC510621A3866920083F4CB /* Serbia.png in Resources */ = {isa = PBXBuildFile; fileRef = 0DC510421A3866920083F4CB /* Serbia.png */; };
		0DC510631A3866920083F4CB /* Slovakia.png in Resources */ = {isa = PBXBuildFile; fileRef = 0DC510431A3866920083F4CB /* Slovakia.png */; };
		0DC510641A3866920083F4CB /* Slovenia.png in Resources */ = {isa = PBXBuildFile; fileRef = 0DC510441A3866920083F4CB /* Slovenia.png */; };
		0DC510651A3866920083F4CB /* SouthAfrica.png in Resources */ = {isa = PBXBuildFile; fileRef = 0DC510451A3866920083F4CB /* SouthAfrica.png */; };
		0DC510661A3866920083F4CB /* SouthKorea.png in Resources */ = {isa = PBXBuildFile; fileRef = 0DC510461A3866920083F4CB /* SouthKorea.png */; };
		0DC510671A3866920083F4CB /* Spain.png in Resources */ = {isa = PBXBuildFile; fileRef = 0DC510471A3866920083F4CB /* Spain.png */; };
		0DC510681A3866920083F4CB /* Switzerland.png in Resources */ = {isa = PBXBuildFile; fileRef = 0DC510481A3866920083F4CB /* Switzerland.png */; };
		0DC510691A3866920083F4CB /* Uruguay.png in Resources */ = {isa = PBXBuildFile; fileRef = 0DC510491A3866920083F4CB /* Uruguay.png */; };
		0DC5106A1A3866920083F4CB /* USA.png in Resources */ = {isa = PBXBuildFile; fileRef = 0DC5104A1A3866920083F4CB /* USA.png */; };
		0DC5106C1A3866BB0083F4CB /* team.plist in Resources */ = {isa = PBXBuildFile; fileRef = 0DC5106B1A3866BB0083F4CB /* team.plist */; };
/* End PBXBuildFile section */

/* Begin PBXContainerItemProxy section */
		0DC5101B1A38665B0083F4CB /* PBXContainerItemProxy */ = {
			isa = PBXContainerItemProxy;
			containerPortal = 0DC50FF91A38665B0083F4CB /* Project object */;
			proxyType = 1;
			remoteGlobalIDString = 0DC510001A38665B0083F4CB;
			remoteInfo = SearchbarSimpleTable;
		};
/* End PBXContainerItemProxy section */

/* Begin PBXFileReference section */
		0DC510011A38665B0083F4CB /* SearchbarSimpleTable.app */ = {isa = PBXFileReference; explicitFileType = wrapper.application; includeInIndex = 0; path = SearchbarSimpleTable.app; sourceTree = BUILT_PRODUCTS_DIR; };
		0DC510051A38665B0083F4CB /* Info.plist */ = {isa = PBXFileReference; lastKnownFileType = text.plist.xml; path = Info.plist; sourceTree = "<group>"; };
		0DC510061A38665B0083F4CB /* main.m */ = {isa = PBXFileReference; lastKnownFileType = sourcecode.c.objc; path = main.m; sourceTree = "<group>"; };
		0DC510081A38665B0083F4CB /* AppDelegate.h */ = {isa = PBXFileReference; lastKnownFileType = sourcecode.c.h; path = AppDelegate.h; sourceTree = "<group>"; };
		0DC510091A38665B0083F4CB /* AppDelegate.m */ = {isa = PBXFileReference; lastKnownFileType = sourcecode.c.objc; path = AppDelegate.m; sourceTree = "<group>"; };
		0DC5100B1A38665B0083F4CB /* ViewController.h */ = {isa = PBXFileReference; lastKnownFileType = sourcecode.c.h; path = ViewController.h; sourceTree = "<group>"; };
		0DC5100C1A38665B0083F4CB /* ViewController.m */ = {isa = PBXFileReference; lastKnownFileType = sourcecode.c.objc; path = ViewController.m; sourceTree = "<group>"; };
		0DC5100F1A38665B0083F4CB /* Base */ = {isa = PBXFileReference; lastKnownFileType = file.storyboard; name = Base; path = Base.lproj/Main.storyboard; sourceTree = "<group>"; };
		0DC510111A38665B0083F4CB /* Images.xcassets */ = {isa = PBXFileReference; lastKnownFileType = folder.assetcatalog; path = Images.xcassets; sourceTree = "<group>"; };
		0DC510141A38665B0083F4CB /* Base */ = {isa = PBXFileReference; lastKnownFileType = file.xib; name = Base; path = Base.lproj/LaunchScreen.xib; sourceTree = "<group>"; };
		0DC5101A1A38665B0083F4CB /* SearchbarSimpleTableTests.xctest */ = {isa = PBXFileReference; explicitFileType = wrapper.cfbundle; includeInIndex = 0; path = SearchbarSimpleTableTests.xctest; sourceTree = BUILT_PRODUCTS_DIR; };
		0DC5101F1A38665B0083F4CB /* Info.plist */ = {isa = PBXFileReference; lastKnownFileType = text.plist.xml; path = Info.plist; sourceTree = "<group>"; };
		0DC510201A38665B0083F4CB /* SearchbarSimpleTableTests.m */ = {isa = PBXFileReference; lastKnownFileType = sourcecode.c.objc; path = SearchbarSimpleTableTests.m; sourceTree = "<group>"; };
		0DC5102B1A3866920083F4CB /* Algeria.png */ = {isa = PBXFileReference; lastKnownFileType = image.png; path = Algeria.png; sourceTree = "<group>"; };
		0DC5102C1A3866920083F4CB /* Argentina.png */ = {isa = PBXFileReference; lastKnownFileType = image.png; path = Argentina.png; sourceTree = "<group>"; };
		0DC5102D1A3866920083F4CB /* Australia.png */ = {isa = PBXFileReference; lastKnownFileType = image.png; path = Australia.png; sourceTree = "<group>"; };
		0DC5102E1A3866920083F4CB /* Brazil.png */ = {isa = PBXFileReference; lastKnownFileType = image.png; path = Brazil.png; sourceTree = "<group>"; };
		0DC5102F1A3866920083F4CB /* Cameroon.png */ = {isa = PBXFileReference; lastKnownFileType = image.png; path = Cameroon.png; sourceTree = "<group>"; };
		0DC510301A3866920083F4CB /* Chile.png */ = {isa = PBXFileReference; lastKnownFileType = image.png; path = Chile.png; sourceTree = "<group>"; };
		0DC510311A3866920083F4CB /* CoteDIvoire.png */ = {isa = PBXFileReference; lastKnownFileType = image.png; path = CoteDIvoire.png; sourceTree = "<group>"; };
		0DC510321A3866920083F4CB /* Denmark.png */ = {isa = PBXFileReference; lastKnownFileType = image.png; path = Denmark.png; sourceTree = "<group>"; };
		0DC510331A3866920083F4CB /* England.png */ = {isa = PBXFileReference; lastKnownFileType = image.png; path = England.png; sourceTree = "<group>"; };
		0DC510341A3866920083F4CB /* France.png */ = {isa = PBXFileReference; lastKnownFileType = image.png; path = France.png; sourceTree = "<group>"; };
		0DC510351A3866920083F4CB /* Germany.png */ = {isa = PBXFileReference; lastKnownFileType = image.png; path = Germany.png; sourceTree = "<group>"; };
		0DC510361A3866920083F4CB /* Ghana.png */ = {isa = PBXFileReference; lastKnownFileType = image.png; path = Ghana.png; sourceTree = "<group>"; };
		0DC510371A3866920083F4CB /* Greece.png */ = {isa = PBXFileReference; lastKnownFileType = image.png; path = Greece.png; sourceTree = "<group>"; };
		0DC510381A3866920083F4CB /* Holland.png */ = {isa = PBXFileReference; lastKnownFileType = image.png; path = Holland.png; sourceTree = "<group>"; };
		0DC510391A3866920083F4CB /* Honduras.png */ = {isa = PBXFileReference; lastKnownFileType = image.png; path = Honduras.png; sourceTree = "<group>"; };
		0DC5103A1A3866920083F4CB /* Italy.png */ = {isa = PBXFileReference; lastKnownFileType = image.png; path = Italy.png; sourceTree = "<group>"; };
		0DC5103B1A3866920083F4CB /* Japan.png */ = {isa = PBXFileReference; lastKnownFileType = image.png; path = Japan.png; sourceTree = "<group>"; };
		0DC5103C1A3866920083F4CB /* Mexico.png */ = {isa = PBXFileReference; lastKnownFileType = image.png; path = Mexico.png; sourceTree = "<group>"; };
		0DC5103D1A3866920083F4CB /* NewZealand.png */ = {isa = PBXFileReference; lastKnownFileType = image.png; path = NewZealand.png; sourceTree = "<group>"; };
		0DC5103E1A3866920083F4CB /* Nigeria.png */ = {isa = PBXFileReference; lastKnownFileType = image.png; path = Nigeria.png; sourceTree = "<group>"; };
		0DC5103F1A3866920083F4CB /* NorthKorea.png */ = {isa = PBXFileReference; lastKnownFileType = image.png; path = NorthKorea.png; sourceTree = "<group>"; };
		0DC510401A3866920083F4CB /* Paraguay.png */ = {isa = PBXFileReference; lastKnownFileType = image.png; path = Paraguay.png; sourceTree = "<group>"; };
		0DC510411A3866920083F4CB /* Portugal.png */ = {isa = PBXFileReference; lastKnownFileType = image.png; path = Portugal.png; sourceTree = "<group>"; };
		0DC510421A3866920083F4CB /* Serbia.png */ = {isa = PBXFileReference; lastKnownFileType = image.png; path = Serbia.png; sourceTree = "<group>"; };
		0DC510431A3866920083F4CB /* Slovakia.png */ = {isa = PBXFileReference; lastKnownFileType = image.png; path = Slovakia.png; sourceTree = "<group>"; };
		0DC510441A3866920083F4CB /* Slovenia.png */ = {isa = PBXFileReference; lastKnownFileType = image.png; path = Slovenia.png; sourceTree = "<group>"; };
		0DC510451A3866920083F4CB /* SouthAfrica.png */ = {isa = PBXFileReference; lastKnownFileType = image.png; path = SouthAfrica.png; sourceTree = "<group>"; };
		0DC510461A3866920083F4CB /* SouthKorea.png */ = {isa = PBXFileReference; lastKnownFileType = image.png; path = SouthKorea.png; sourceTree = "<group>"; };
		0DC510471A3866920083F4CB /* Spain.png */ = {isa = PBXFileReference; lastKnownFileType = image.png; path = Spain.png; sourceTree = "<group>"; };
		0DC510481A3866920083F4CB /* Switzerland.png */ = {isa = PBXFileReference; lastKnownFileType = image.png; path = Switzerland.png; sourceTree = "<group>"; };
		0DC510491A3866920083F4CB /* Uruguay.png */ = {isa = PBXFileReference; lastKnownFileType = image.png; path = Uruguay.png; sourceTree = "<group>"; };
		0DC5104A1A3866920083F4CB /* USA.png */ = {isa = PBXFileReference; lastKnownFileType = image.png; path = USA.png; sourceTree = "<group>"; };
		0DC5106B1A3866BB0083F4CB /* team.plist */ = {isa = PBXFileReference; fileEncoding = 4; lastKnownFileType = text.plist.xml; path = team.plist; sourceTree = "<group>"; };
/* End PBXFileReference section */

/* Begin PBXFrameworksBuildPhase section */
		0DC50FFE1A38665B0083F4CB /* Frameworks */ = {
			isa = PBXFrameworksBuildPhase;
			buildActionMask = 2147483647;
			files = (
			);
			runOnlyForDeploymentPostprocessing = 0;
		};
		0DC510171A38665B0083F4CB /* Frameworks */ = {
			isa = PBXFrameworksBuildPhase;
			buildActionMask = 2147483647;
			files = (
			);
			runOnlyForDeploymentPostprocessing = 0;
		};
/* End PBXFrameworksBuildPhase section */

/* Begin PBXGroup section */
		0DC50FF81A38665B0083F4CB = {
			isa = PBXGroup;
			children = (
				0DC510031A38665B0083F4CB /* SearchbarSimpleTable */,
				0DC5101D1A38665B0083F4CB /* SearchbarSimpleTableTests */,
				0DC510021A38665B0083F4CB /* Products */,
			);
			sourceTree = "<group>";
		};
		0DC510021A38665B0083F4CB /* Products */ = {
			isa = PBXGroup;
			children = (
				0DC510011A38665B0083F4CB /* SearchbarSimpleTable.app */,
				0DC5101A1A38665B0083F4CB /* SearchbarSimpleTableTests.xctest */,
			);
			name = Products;
			sourceTree = "<group>";
		};
		0DC510031A38665B0083F4CB /* SearchbarSimpleTable */ = {
			isa = PBXGroup;
			children = (
				0DC5102A1A3866920083F4CB /* 球队图片 */,
				0DC510081A38665B0083F4CB /* AppDelegate.h */,
				0DC510091A38665B0083F4CB /* AppDelegate.m */,
				0DC5100B1A38665B0083F4CB /* ViewController.h */,
				0DC5100C1A38665B0083F4CB /* ViewController.m */,
				0DC5100E1A38665B0083F4CB /* Main.storyboard */,
				0DC510111A38665B0083F4CB /* Images.xcassets */,
				0DC510131A38665B0083F4CB /* LaunchScreen.xib */,
				0DC510041A38665B0083F4CB /* Supporting Files */,
			);
			path = SearchbarSimpleTable;
			sourceTree = "<group>";
		};
		0DC510041A38665B0083F4CB /* Supporting Files */ = {
			isa = PBXGroup;
			children = (
				0DC510051A38665B0083F4CB /* Info.plist */,
				0DC510061A38665B0083F4CB /* main.m */,
			);
			name = "Supporting Files";
			sourceTree = "<group>";
		};
		0DC5101D1A38665B0083F4CB /* SearchbarSimpleTableTests */ = {
			isa = PBXGroup;
			children = (
				0DC510201A38665B0083F4CB /* SearchbarSimpleTableTests.m */,
				0DC5101E1A38665B0083F4CB /* Supporting Files */,
			);
			path = SearchbarSimpleTableTests;
			sourceTree = "<group>";
		};
		0DC5101E1A38665B0083F4CB /* Supporting Files */ = {
			isa = PBXGroup;
			children = (
				0DC5101F1A38665B0083F4CB /* Info.plist */,
			);
			name = "Supporting Files";
			sourceTree = "<group>";
		};
		0DC5102A1A3866920083F4CB /* 球队图片 */ = {
			isa = PBXGroup;
			children = (
				0DC5106B1A3866BB0083F4CB /* team.plist */,
				0DC5102B1A3866920083F4CB /* Algeria.png */,
				0DC5102C1A3866920083F4CB /* Argentina.png */,
				0DC5102D1A3866920083F4CB /* Australia.png */,
				0DC5102E1A3866920083F4CB /* Brazil.png */,
				0DC5102F1A3866920083F4CB /* Cameroon.png */,
				0DC510301A3866920083F4CB /* Chile.png */,
				0DC510311A3866920083F4CB /* CoteDIvoire.png */,
				0DC510321A3866920083F4CB /* Denmark.png */,
				0DC510331A3866920083F4CB /* England.png */,
				0DC510341A3866920083F4CB /* France.png */,
				0DC510351A3866920083F4CB /* Germany.png */,
				0DC510361A3866920083F4CB /* Ghana.png */,
				0DC510371A3866920083F4CB /* Greece.png */,
				0DC510381A3866920083F4CB /* Holland.png */,
				0DC510391A3866920083F4CB /* Honduras.png */,
				0DC5103A1A3866920083F4CB /* Italy.png */,
				0DC5103B1A3866920083F4CB /* Japan.png */,
				0DC5103C1A3866920083F4CB /* Mexico.png */,
				0DC5103D1A3866920083F4CB /* NewZealand.png */,
				0DC5103E1A3866920083F4CB /* Nigeria.png */,
				0DC5103F1A3866920083F4CB /* NorthKorea.png */,
				0DC510401A3866920083F4CB /* Paraguay.png */,
				0DC510411A3866920083F4CB /* Portugal.png */,
				0DC510421A3866920083F4CB /* Serbia.png */,
				0DC510431A3866920083F4CB /* Slovakia.png */,
				0DC510441A3866920083F4CB /* Slovenia.png */,
				0DC510451A3866920083F4CB /* SouthAfrica.png */,
				0DC510461A3866920083F4CB /* SouthKorea.png */,
				0DC510471A3866920083F4CB /* Spain.png */,
				0DC510481A3866920083F4CB /* Switzerland.png */,
				0DC510491A3866920083F4CB /* Uruguay.png */,
				0DC5104A1A3866920083F4CB /* USA.png */,
			);
			path = "球队图片";
			sourceTree = "<group>";
		};
/* End PBXGroup section */

/* Begin PBXNativeTarget section */
		0DC510001A38665B0083F4CB /* SearchbarSimpleTable */ = {
			isa = PBXNativeTarget;
			buildConfigurationList = 0DC510241A38665B0083F4CB /* Build configuration list for PBXNativeTarget "SearchbarSimpleTable" */;
			buildPhases = (
				0DC50FFD1A38665B0083F4CB /* Sources */,
				0DC50FFE1A38665B0083F4CB /* Frameworks */,
				0DC50FFF1A38665B0083F4CB /* Resources */,
			);
			buildRules = (
			);
			dependencies = (
			);
			name = SearchbarSimpleTable;
			productName = SearchbarSimpleTable;
			productReference = 0DC510011A38665B0083F4CB /* SearchbarSimpleTable.app */;
			productType = "com.apple.product-type.application";
		};
		0DC510191A38665B0083F4CB /* SearchbarSimpleTableTests */ = {
			isa = PBXNativeTarget;
			buildConfigurationList = 0DC510271A38665B0083F4CB /* Build configuration list for PBXNativeTarget "SearchbarSimpleTableTests" */;
			buildPhases = (
				0DC510161A38665B0083F4CB /* Sources */,
				0DC510171A38665B0083F4CB /* Frameworks */,
				0DC510181A38665B0083F4CB /* Resources */,
			);
			buildRules = (
			);
			dependencies = (
				0DC5101C1A38665B0083F4CB /* PBXTargetDependency */,
			);
			name = SearchbarSimpleTableTests;
			productName = SearchbarSimpleTableTests;
			productReference = 0DC5101A1A38665B0083F4CB /* SearchbarSimpleTableTests.xctest */;
			productType = "com.apple.product-type.bundle.unit-test";
		};
/* End PBXNativeTarget section */

/* Begin PBXProject section */
		0DC50FF91A38665B0083F4CB /* Project object */ = {
			isa = PBXProject;
			attributes = {
				LastUpgradeCheck = 0610;
				ORGANIZATIONNAME = Fire2Sky;
				TargetAttributes = {
					0DC510001A38665B0083F4CB = {
						CreatedOnToolsVersion = 6.1.1;
					};
					0DC510191A38665B0083F4CB = {
						CreatedOnToolsVersion = 6.1.1;
						TestTargetID = 0DC510001A38665B0083F4CB;
					};
				};
			};
			buildConfigurationList = 0DC50FFC1A38665B0083F4CB /* Build configuration list for PBXProject "SearchbarSimpleTable" */;
			compatibilityVersion = "Xcode 3.2";
			developmentRegion = English;
			hasScannedForEncodings = 0;
			knownRegions = (
				en,
				Base,
			);
			mainGroup = 0DC50FF81A38665B0083F4CB;
			productRefGroup = 0DC510021A38665B0083F4CB /* Products */;
			projectDirPath = "";
			projectRoot = "";
			targets = (
				0DC510001A38665B0083F4CB /* SearchbarSimpleTable */,
				0DC510191A38665B0083F4CB /* SearchbarSimpleTableTests */,
			);
		};
/* End PBXProject section */

/* Begin PBXResourcesBuildPhase section */
		0DC50FFF1A38665B0083F4CB /* Resources */ = {
			isa = PBXResourcesBuildPhase;
			buildActionMask = 2147483647;
			files = (
				0DC5106A1A3866920083F4CB /* USA.png in Resources */,
				0DC510101A38665B0083F4CB /* Main.storyboard in Resources */,
				0DC5104C1A3866920083F4CB /* Argentina.png in Resources */,
				0DC510691A3866920083F4CB /* Uruguay.png in Resources */,
				0DC5105A1A3866920083F4CB /* Italy.png in Resources */,
				0DC510611A3866920083F4CB /* Portugal.png in Resources */,
				0DC510581A3866920083F4CB /* Holland.png in Resources */,
				0DC5104D1A3866920083F4CB /* Australia.png in Resources */,
				0DC510551A3866920083F4CB /* Germany.png in Resources */,
				0DC5105F1A3866920083F4CB /* NorthKorea.png in Resources */,
				0DC510531A3866920083F4CB /* England.png in Resources */,
				0DC510521A3866920083F4CB /* Denmark.png in Resources */,
				0DC510681A3866920083F4CB /* Switzerland.png in Resources */,
				0DC510621A3866920083F4CB /* Serbia.png in Resources */,
				0DC510591A3866920083F4CB /* Honduras.png in Resources */,
				0DC5105E1A3866920083F4CB /* Nigeria.png in Resources */,
				0DC510631A3866920083F4CB /* Slovakia.png in Resources */,
				0DC510661A3866920083F4CB /* SouthKorea.png in Resources */,
				0DC5105C1A3866920083F4CB /* Mexico.png in Resources */,
				0DC5106C1A3866BB0083F4CB /* team.plist in Resources */,
				0DC5104F1A3866920083F4CB /* Cameroon.png in Resources */,
				0DC5105B1A3866920083F4CB /* Japan.png in Resources */,
				0DC510151A38665B0083F4CB /* LaunchScreen.xib in Resources */,
				0DC510571A3866920083F4CB /* Greece.png in Resources */,
				0DC5105D1A3866920083F4CB /* NewZealand.png in Resources */,
				0DC510541A3866920083F4CB /* France.png in Resources */,
				0DC510121A38665B0083F4CB /* Images.xcassets in Resources */,
				0DC510671A3866920083F4CB /* Spain.png in Resources */,
				0DC5104E1A3866920083F4CB /* Brazil.png in Resources */,
				0DC510561A3866920083F4CB /* Ghana.png in Resources */,
				0DC510511A3866920083F4CB /* CoteDIvoire.png in Resources */,
				0DC510501A3866920083F4CB /* Chile.png in Resources */,
				0DC5104B1A3866920083F4CB /* Algeria.png in Resources */,
				0DC510651A3866920083F4CB /* SouthAfrica.png in Resources */,
				0DC510641A3866920083F4CB /* Slovenia.png in Resources */,
				0DC510601A3866920083F4CB /* Paraguay.png in Resources */,
			);
			runOnlyForDeploymentPostprocessing = 0;
		};
		0DC510181A38665B0083F4CB /* Resources */ = {
			isa = PBXResourcesBuildPhase;
			buildActionMask = 2147483647;
			files = (
			);
			runOnlyForDeploymentPostprocessing = 0;
		};
/* End PBXResourcesBuildPhase section */

/* Begin PBXSourcesBuildPhase section */
		0DC50FFD1A38665B0083F4CB /* Sources */ = {
			isa = PBXSourcesBuildPhase;
			buildActionMask = 2147483647;
			files = (
				0DC5100D1A38665B0083F4CB /* ViewController.m in Sources */,
				0DC5100A1A38665B0083F4CB /* AppDelegate.m in Sources */,
				0DC510071A38665B0083F4CB /* main.m in Sources */,
			);
			runOnlyForDeploymentPostprocessing = 0;
		};
		0DC510161A38665B0083F4CB /* Sources */ = {
			isa = PBXSourcesBuildPhase;
			buildActionMask = 2147483647;
			files = (
				0DC510211A38665B0083F4CB /* SearchbarSimpleTableTests.m in Sources */,
			);
			runOnlyForDeploymentPostprocessing = 0;
		};
/* End PBXSourcesBuildPhase section */

/* Begin PBXTargetDependency section */
		0DC5101C1A38665B0083F4CB /* PBXTargetDependency */ = {
			isa = PBXTargetDependency;
			target = 0DC510001A38665B0083F4CB /* SearchbarSimpleTable */;
			targetProxy = 0DC5101B1A38665B0083F4CB /* PBXContainerItemProxy */;
		};
/* End PBXTargetDependency section */

/* Begin PBXVariantGroup section */
		0DC5100E1A38665B0083F4CB /* Main.storyboard */ = {
			isa = PBXVariantGroup;
			children = (
				0DC5100F1A38665B0083F4CB /* Base */,
			);
			name = Main.storyboard;
			sourceTree = "<group>";
		};
		0DC510131A38665B0083F4CB /* LaunchScreen.xib */ = {
			isa = PBXVariantGroup;
			children = (
				0DC510141A38665B0083F4CB /* Base */,
			);
			name = LaunchScreen.xib;
			sourceTree = "<group>";
		};
/* End PBXVariantGroup section */

/* Begin XCBuildConfiguration section */
		0DC510221A38665B0083F4CB /* Debug */ = {
			isa = XCBuildConfiguration;
			buildSettings = {
				ALWAYS_SEARCH_USER_PATHS = NO;
				CLANG_CXX_LANGUAGE_STANDARD = "gnu++0x";
				CLANG_CXX_LIBRARY = "libc++";
				CLANG_ENABLE_MODULES = YES;
				CLANG_ENABLE_OBJC_ARC = YES;
				CLANG_WARN_BOOL_CONVERSION = YES;
				CLANG_WARN_CONSTANT_CONVERSION = YES;
				CLANG_WARN_DIRECT_OBJC_ISA_USAGE = YES_ERROR;
				CLANG_WARN_EMPTY_BODY = YES;
				CLANG_WARN_ENUM_CONVERSION = YES;
				CLANG_WARN_INT_CONVERSION = YES;
				CLANG_WARN_OBJC_ROOT_CLASS = YES_ERROR;
				CLANG_WARN_UNREACHABLE_CODE = YES;
				CLANG_WARN__DUPLICATE_METHOD_MATCH = YES;
				"CODE_SIGN_IDENTITY[sdk=iphoneos*]" = "iPhone Developer";
				COPY_PHASE_STRIP = NO;
				ENABLE_STRICT_OBJC_MSGSEND = YES;
				GCC_C_LANGUAGE_STANDARD = gnu99;
				GCC_DYNAMIC_NO_PIC = NO;
				GCC_OPTIMIZATION_LEVEL = 0;
				GCC_PREPROCESSOR_DEFINITIONS = (
					"DEBUG=1",
					"$(inherited)",
				);
				GCC_SYMBOLS_PRIVATE_EXTERN = NO;
				GCC_WARN_64_TO_32_BIT_CONVERSION = YES;
				GCC_WARN_ABOUT_RETURN_TYPE = YES_ERROR;
				GCC_WARN_UNDECLARED_SELECTOR = YES;
				GCC_WARN_UNINITIALIZED_AUTOS = YES_AGGRESSIVE;
				GCC_WARN_UNUSED_FUNCTION = YES;
				GCC_WARN_UNUSED_VARIABLE = YES;
				IPHONEOS_DEPLOYMENT_TARGET = 8.1;
				MTL_ENABLE_DEBUG_INFO = YES;
				ONLY_ACTIVE_ARCH = YES;
				SDKROOT = iphoneos;
			};
			name = Debug;
		};
		0DC510231A38665B0083F4CB /* Release */ = {
			isa = XCBuildConfiguration;
			buildSettings = {
				ALWAYS_SEARCH_USER_PATHS = NO;
				CLANG_CXX_LANGUAGE_STANDARD = "gnu++0x";
				CLANG_CXX_LIBRARY = "libc++";
				CLANG_ENABLE_MODULES = YES;
				CLANG_ENABLE_OBJC_ARC = YES;
				CLANG_WARN_BOOL_CONVERSION = YES;
				CLANG_WARN_CONSTANT_CONVERSION = YES;
				CLANG_WARN_DIRECT_OBJC_ISA_USAGE = YES_ERROR;
				CLANG_WARN_EMPTY_BODY = YES;
				CLANG_WARN_ENUM_CONVERSION = YES;
				CLANG_WARN_INT_CONVERSION = YES;
				CLANG_WARN_OBJC_ROOT_CLASS = YES_ERROR;
				CLANG_WARN_UNREACHABLE_CODE = YES;
				CLANG_WARN__DUPLICATE_METHOD_MATCH = YES;
				"CODE_SIGN_IDENTITY[sdk=iphoneos*]" = "iPhone Developer";
				COPY_PHASE_STRIP = YES;
				ENABLE_NS_ASSERTIONS = NO;
				ENABLE_STRICT_OBJC_MSGSEND = YES;
				GCC_C_LANGUAGE_STANDARD = gnu99;
				GCC_WARN_64_TO_32_BIT_CONVERSION = YES;
				GCC_WARN_ABOUT_RETURN_TYPE = YES_ERROR;
				GCC_WARN_UNDECLARED_SELECTOR = YES;
				GCC_WARN_UNINITIALIZED_AUTOS = YES_AGGRESSIVE;
				GCC_WARN_UNUSED_FUNCTION = YES;
				GCC_WARN_UNUSED_VARIABLE = YES;
				IPHONEOS_DEPLOYMENT_TARGET = 8.1;
				MTL_ENABLE_DEBUG_INFO = NO;
				SDKROOT = iphoneos;
				VALIDATE_PRODUCT = YES;
			};
			name = Release;
		};
		0DC510251A38665B0083F4CB /* Debug */ = {
			isa = XCBuildConfiguration;
			buildSettings = {
				ASSETCATALOG_COMPILER_APPICON_NAME = AppIcon;
				INFOPLIST_FILE = SearchbarSimpleTable/Info.plist;
				LD_RUNPATH_SEARCH_PATHS = "$(inherited) @executable_path/Frameworks";
				PRODUCT_NAME = "$(TARGET_NAME)";
			};
			name = Debug;
		};
		0DC510261A38665B0083F4CB /* Release */ = {
			isa = XCBuildConfiguration;
			buildSettings = {
				ASSETCATALOG_COMPILER_APPICON_NAME = AppIcon;
				INFOPLIST_FILE = SearchbarSimpleTable/Info.plist;
				LD_RUNPATH_SEARCH_PATHS = "$(inherited) @executable_path/Frameworks";
				PRODUCT_NAME = "$(TARGET_NAME)";
			};
			name = Release;
		};
		0DC510281A38665B0083F4CB /* Debug */ = {
			isa = XCBuildConfiguration;
			buildSettings = {
				BUNDLE_LOADER = "$(TEST_HOST)";
				FRAMEWORK_SEARCH_PATHS = (
					"$(SDKROOT)/Developer/Library/Frameworks",
					"$(inherited)",
				);
				GCC_PREPROCESSOR_DEFINITIONS = (
					"DEBUG=1",
					"$(inherited)",
				);
				INFOPLIST_FILE = SearchbarSimpleTableTests/Info.plist;
				LD_RUNPATH_SEARCH_PATHS = "$(inherited) @executable_path/Frameworks @loader_path/Frameworks";
				PRODUCT_NAME = "$(TARGET_NAME)";
				TEST_HOST = "$(BUILT_PRODUCTS_DIR)/SearchbarSimpleTable.app/SearchbarSimpleTable";
			};
			name = Debug;
		};
		0DC510291A38665B0083F4CB /* Release */ = {
			isa = XCBuildConfiguration;
			buildSettings = {
				BUNDLE_LOADER = "$(TEST_HOST)";
				FRAMEWORK_SEARCH_PATHS = (
					"$(SDKROOT)/Developer/Library/Frameworks",
					"$(inherited)",
				);
				INFOPLIST_FILE = SearchbarSimpleTableTests/Info.plist;
				LD_RUNPATH_SEARCH_PATHS = "$(inherited) @executable_path/Frameworks @loader_path/Frameworks";
				PRODUCT_NAME = "$(TARGET_NAME)";
				TEST_HOST = "$(BUILT_PRODUCTS_DIR)/SearchbarSimpleTable.app/SearchbarSimpleTable";
			};
			name = Release;
		};
/* End XCBuildConfiguration section */

/* Begin XCConfigurationList section */
		0DC50FFC1A38665B0083F4CB /* Build configuration list for PBXProject "SearchbarSimpleTable" */ = {
			isa = XCConfigurationList;
			buildConfigurations = (
				0DC510221A38665B0083F4CB /* Debug */,
				0DC510231A38665B0083F4CB /* Release */,
			);
			defaultConfigurationIsVisible = 0;
			defaultConfigurationName = Release;
		};
		0DC510241A38665B0083F4CB /* Build configuration list for PBXNativeTarget "SearchbarSimpleTable" */ = {
			isa = XCConfigurationList;
			buildConfigurations = (
				0DC510251A38665B0083F4CB /* Debug */,
				0DC510261A38665B0083F4CB /* Release */,
			);
			defaultConfigurationIsVisible = 0;
		};
		0DC510271A38665B0083F4CB /* Build configuration list for PBXNativeTarget "SearchbarSimpleTableTests" */ = {
			isa = XCConfigurationList;
			buildConfigurations = (
				0DC510281A38665B0083F4CB /* Debug */,
				0DC510291A38665B0083F4CB /* Release */,
			);
			defaultConfigurationIsVisible = 0;
		};
/* End XCConfigurationList section */
	};
	rootObject = 0DC50FF91A38665B0083F4CB /* Project object */;
}
